
Microsoft Visual Studio Solution File, Format Version 12.00
# Visual Studio Version 17
VisualStudioVersion = 17.5.33530.505
MinimumVisualStudioVersion = 10.0.40219.1
Project("{FAE04EC0-301F-11D3-BF4B-00C04F79EFBC}") = "NIC_PROJECT", "NIC_PROJECT.csproj", "{E2EB18BE-5CDD-4BFE-9885-3883689DD613}"
EndProject
Global
	GlobalSection(SolutionConfigurationPlatforms) = preSolution
		Debug|Any CPU = Debug|Any CPU
		Release|Any CPU = Release|Any CPU
	EndGlobalSection
	GlobalSection(ProjectConfigurationPlatforms) = postSolution
		{E2EB18BE-5CDD-4BFE-9885-3883689DD613}.Debug|Any CPU.ActiveCfg = Debug|Any CPU
		{E2EB18BE-5CDD-4BFE-9885-3883689DD613}.Debug|Any CPU.Build.0 = Debug|Any CPU
		{E2EB18BE-5CDD-4BFE-9885-3883689DD613}.Release|Any CPU.ActiveCfg = Release|Any CPU
		{E2EB18BE-5CDD-4BFE-9885-3883689DD613}.Release|Any CPU.Build.0 = Release|Any CPU
	EndGlobalSection
	GlobalSection(SolutionProperties) = preSolution
		HideSolutionNode = FALSE
	EndGlobalSection
	GlobalSection(ExtensibilityGlobals) = postSolution
		SolutionGuid = {3D86B812-0B05-4683-BD51-C38EF98AB8F9}
	EndGlobalSection
EndGlobal
